
Microsoft Visual Studio Solution File, Format Version 12.00
# Visual Studio Version 17
VisualStudioVersion = 17.7.34018.315
MinimumVisualStudioVersion = 10.0.40219.1
Project("{2150E333-8FDC-42A3-9474-1A3956D46DE8}") = "Services", "Services", "{B7800395-7CEC-48C1-97EE-209C4FC51D77}"
EndProject
Project("{2150E333-8FDC-42A3-9474-1A3956D46DE8}") = "Catalog", "Catalog", "{ABA70668-F61A-411B-93D1-4025E4375830}"
EndProject
Project("{2150E333-8FDC-42A3-9474-1A3956D46DE8}") = "Core", "Core", "{B6F27338-0DAA-4490-B34C-B5969F4EE162}"
EndProject
Project("{2150E333-8FDC-42A3-9474-1A3956D46DE8}") = "IdentityServer", "IdentityServer", "{7652883A-8F54-4871-BAA6-4B599F479389}"
EndProject
Project("{9A19103F-16F7-4668-BE54-9A1E7A4F7556}") = "BookMarketPlace.IdentityServer", "IdentityServer\BookMarketPlace.IdentityServer\BookMarketPlace.IdentityServer.csproj", "{2E5450A2-F5BF-40F8-B1CF-CF9C3D949EB3}"
EndProject
Project("{9A19103F-16F7-4668-BE54-9A1E7A4F7556}") = "BookMarketPlace.Core", "Core\BookMarketPlace.Core\BookMarketPlace.Core.csproj", "{A8F637E5-ABE5-4DC3-9217-32D4752F77B3}"
EndProject
Project("{2150E333-8FDC-42A3-9474-1A3956D46DE8}") = "Photo", "Photo", "{1D5C8C44-D80C-48E6-9CF4-3969FB40540E}"
EndProject
Project("{2150E333-8FDC-42A3-9474-1A3956D46DE8}") = "Basket", "Basket", "{1913D06E-5BEF-4355-8D4E-4EDB9130DCFD}"
EndProject
Project("{2150E333-8FDC-42A3-9474-1A3956D46DE8}") = "Discount", "Discount", "{3F2EBF1C-A7D2-46BB-B5E1-50DAEC4F4871}"
EndProject
Project("{9A19103F-16F7-4668-BE54-9A1E7A4F7556}") = "BookMarketPlace.Services.BasketApi", "Services\Basket\BookMarketPlace.Services.BasketApi\BookMarketPlace.Services.BasketApi.csproj", "{AAED7B56-B512-4908-BB96-7A58CA3CDB7B}"
EndProject
Project("{9A19103F-16F7-4668-BE54-9A1E7A4F7556}") = "BookMarketPlace.Services.CatalogApi", "Services\Catalog\BookMarketPlace.Services.CatalogApi\BookMarketPlace.Services.CatalogApi.csproj", "{9D8F817C-DD51-428C-A540-44B36B1512B4}"
EndProject
Project("{9A19103F-16F7-4668-BE54-9A1E7A4F7556}") = "BookMarketPlace.Services.PhotoApi", "Services\Photo\BookMarketPlace.Services.PhotoApi\BookMarketPlace.Services.PhotoApi.csproj", "{58F0A2B6-F28E-44BA-90DA-3898EA0A9ACE}"
EndProject
Project("{9A19103F-16F7-4668-BE54-9A1E7A4F7556}") = "BookMarketPlace.Services.DiscountApi", "Services\Discount\BookMarketPlace.Services.DiscountApi\BookMarketPlace.Services.DiscountApi.csproj", "{D6241376-5D54-425C-85BF-976AED25A2AA}"
EndProject
Global
	GlobalSection(SolutionConfigurationPlatforms) = preSolution
		Debug|Any CPU = Debug|Any CPU
		Release|Any CPU = Release|Any CPU
	EndGlobalSection
	GlobalSection(ProjectConfigurationPlatforms) = postSolution
		{2E5450A2-F5BF-40F8-B1CF-CF9C3D949EB3}.Debug|Any CPU.ActiveCfg = Debug|Any CPU
		{2E5450A2-F5BF-40F8-B1CF-CF9C3D949EB3}.Debug|Any CPU.Build.0 = Debug|Any CPU
		{2E5450A2-F5BF-40F8-B1CF-CF9C3D949EB3}.Release|Any CPU.ActiveCfg = Release|Any CPU
		{2E5450A2-F5BF-40F8-B1CF-CF9C3D949EB3}.Release|Any CPU.Build.0 = Release|Any CPU
		{A8F637E5-ABE5-4DC3-9217-32D4752F77B3}.Debug|Any CPU.ActiveCfg = Debug|Any CPU
		{A8F637E5-ABE5-4DC3-9217-32D4752F77B3}.Debug|Any CPU.Build.0 = Debug|Any CPU
		{A8F637E5-ABE5-4DC3-9217-32D4752F77B3}.Release|Any CPU.ActiveCfg = Release|Any CPU
		{A8F637E5-ABE5-4DC3-9217-32D4752F77B3}.Release|Any CPU.Build.0 = Release|Any CPU
		{AAED7B56-B512-4908-BB96-7A58CA3CDB7B}.Debug|Any CPU.ActiveCfg = Debug|Any CPU
		{AAED7B56-B512-4908-BB96-7A58CA3CDB7B}.Debug|Any CPU.Build.0 = Debug|Any CPU
		{AAED7B56-B512-4908-BB96-7A58CA3CDB7B}.Release|Any CPU.ActiveCfg = Release|Any CPU
		{AAED7B56-B512-4908-BB96-7A58CA3CDB7B}.Release|Any CPU.Build.0 = Release|Any CPU
		{9D8F817C-DD51-428C-A540-44B36B1512B4}.Debug|Any CPU.ActiveCfg = Debug|Any CPU
		{9D8F817C-DD51-428C-A540-44B36B1512B4}.Debug|Any CPU.Build.0 = Debug|Any CPU
		{9D8F817C-DD51-428C-A540-44B36B1512B4}.Release|Any CPU.ActiveCfg = Release|Any CPU
		{9D8F817C-DD51-428C-A540-44B36B1512B4}.Release|Any CPU.Build.0 = Release|Any CPU
		{58F0A2B6-F28E-44BA-90DA-3898EA0A9ACE}.Debug|Any CPU.ActiveCfg = Debug|Any CPU
		{58F0A2B6-F28E-44BA-90DA-3898EA0A9ACE}.Debug|Any CPU.Build.0 = Debug|Any CPU
		{58F0A2B6-F28E-44BA-90DA-3898EA0A9ACE}.Release|Any CPU.ActiveCfg = Release|Any CPU
		{58F0A2B6-F28E-44BA-90DA-3898EA0A9ACE}.Release|Any CPU.Build.0 = Release|Any CPU
		{D6241376-5D54-425C-85BF-976AED25A2AA}.Debug|Any CPU.ActiveCfg = Debug|Any CPU
		{D6241376-5D54-425C-85BF-976AED25A2AA}.Debug|Any CPU.Build.0 = Debug|Any CPU
		{D6241376-5D54-425C-85BF-976AED25A2AA}.Release|Any CPU.ActiveCfg = Release|Any CPU
		{D6241376-5D54-425C-85BF-976AED25A2AA}.Release|Any CPU.Build.0 = Release|Any CPU
	EndGlobalSection
	GlobalSection(SolutionProperties) = preSolution
		HideSolutionNode = FALSE
	EndGlobalSection
	GlobalSection(NestedProjects) = preSolution
		{ABA70668-F61A-411B-93D1-4025E4375830} = {B7800395-7CEC-48C1-97EE-209C4FC51D77}
		{2E5450A2-F5BF-40F8-B1CF-CF9C3D949EB3} = {7652883A-8F54-4871-BAA6-4B599F479389}
		{A8F637E5-ABE5-4DC3-9217-32D4752F77B3} = {B6F27338-0DAA-4490-B34C-B5969F4EE162}
		{1D5C8C44-D80C-48E6-9CF4-3969FB40540E} = {B7800395-7CEC-48C1-97EE-209C4FC51D77}
		{1913D06E-5BEF-4355-8D4E-4EDB9130DCFD} = {B7800395-7CEC-48C1-97EE-209C4FC51D77}
		{3F2EBF1C-A7D2-46BB-B5E1-50DAEC4F4871} = {B7800395-7CEC-48C1-97EE-209C4FC51D77}
		{AAED7B56-B512-4908-BB96-7A58CA3CDB7B} = {1913D06E-5BEF-4355-8D4E-4EDB9130DCFD}
		{9D8F817C-DD51-428C-A540-44B36B1512B4} = {ABA70668-F61A-411B-93D1-4025E4375830}
		{58F0A2B6-F28E-44BA-90DA-3898EA0A9ACE} = {1D5C8C44-D80C-48E6-9CF4-3969FB40540E}
		{D6241376-5D54-425C-85BF-976AED25A2AA} = {3F2EBF1C-A7D2-46BB-B5E1-50DAEC4F4871}
	EndGlobalSection
	GlobalSection(ExtensibilityGlobals) = postSolution
		SolutionGuid = {053A6F4F-3A6C-4918-ACB8-E8BE6ABB48C1}
	EndGlobalSection
EndGlobal
